
Microsoft Visual Studio Solution File, Format Version 12.00
# Visual Studio Version 17
VisualStudioVersion = 17.6.33801.468
MinimumVisualStudioVersion = 10.0.40219.1
Project("{FAE04EC0-301F-11D3-BF4B-00C04F79EFBC}") = "AuthServer.Web", "AuthServer.Web\AuthServer.Web.csproj", "{BAE45920-2AD7-4DDF-9DAA-550F9491B39F}"
EndProject
Project("{FAE04EC0-301F-11D3-BF4B-00C04F79EFBC}") = "Client", "Client\Client.csproj", "{3A7DD9E8-304E-4022-A19C-DE55F96DE45D}"
EndProject
Global
	GlobalSection(SolutionConfigurationPlatforms) = preSolution
		Debug|Any CPU = Debug|Any CPU
		Release|Any CPU = Release|Any CPU
	EndGlobalSection
	GlobalSection(ProjectConfigurationPlatforms) = postSolution
		{BAE45920-2AD7-4DDF-9DAA-550F9491B39F}.Debug|Any CPU.ActiveCfg = Debug|Any CPU
		{BAE45920-2AD7-4DDF-9DAA-550F9491B39F}.Debug|Any CPU.Build.0 = Debug|Any CPU
		{BAE45920-2AD7-4DDF-9DAA-550F9491B39F}.Release|Any CPU.ActiveCfg = Release|Any CPU
		{BAE45920-2AD7-4DDF-9DAA-550F9491B39F}.Release|Any CPU.Build.0 = Release|Any CPU
		{3A7DD9E8-304E-4022-A19C-DE55F96DE45D}.Debug|Any CPU.ActiveCfg = Debug|Any CPU
		{3A7DD9E8-304E-4022-A19C-DE55F96DE45D}.Debug|Any CPU.Build.0 = Debug|Any CPU
		{3A7DD9E8-304E-4022-A19C-DE55F96DE45D}.Release|Any CPU.ActiveCfg = Release|Any CPU
		{3A7DD9E8-304E-4022-A19C-DE55F96DE45D}.Release|Any CPU.Build.0 = Release|Any CPU
	EndGlobalSection
	GlobalSection(SolutionProperties) = preSolution
		HideSolutionNode = FALSE
	EndGlobalSection
	GlobalSection(ExtensibilityGlobals) = postSolution
		SolutionGuid = {83A40885-3AD4-478C-AACF-77678A7A9210}
	EndGlobalSection
EndGlobal
